// !$*UTF8*$!
{
	archiveVersion = 1;
	classes = {
	};
	objectVersion = 46;
	objects = {

/* Begin PBXBuildFile section */
		409186051C345E41008B5276 /* main.m in Sources */ = {isa = PBXBuildFile; fileRef = 409186041C345E41008B5276 /* main.m */; };
		409186081C345E41008B5276 /* AppDelegate.m in Sources */ = {isa = PBXBuildFile; fileRef = 409186071C345E41008B5276 /* AppDelegate.m */; };
		4091860B1C345E41008B5276 /* ViewController.m in Sources */ = {isa = PBXBuildFile; fileRef = 4091860A1C345E41008B5276 /* ViewController.m */; };
		4091860E1C345E41008B5276 /* Main.storyboard in Resources */ = {isa = PBXBuildFile; fileRef = 4091860C1C345E41008B5276 /* Main.storyboard */; };
		409186101C345E41008B5276 /* Assets.xcassets in Resources */ = {isa = PBXBuildFile; fileRef = 4091860F1C345E41008B5276 /* Assets.xcassets */; };
		409186131C345E41008B5276 /* LaunchScreen.storyboard in Resources */ = {isa = PBXBuildFile; fileRef = 409186111C345E41008B5276 /* LaunchScreen.storyboard */; };
/* End PBXBuildFile section */

/* Begin PBXFileReference section */
		409186001C345E41008B5276 /* FiveCardStud.app */ = {isa = PBXFileReference; explicitFileType = wrapper.application; includeInIndex = 0; path = FiveCardStud.app; sourceTree = BUILT_PRODUCTS_DIR; };
		409186041C345E41008B5276 /* main.m */ = {isa = PBXFileReference; lastKnownFileType = sourcecode.c.objc; path = main.m; sourceTree = "<group>"; };
		409186061C345E41008B5276 /* AppDelegate.h */ = {isa = PBXFileReference; lastKnownFileType = sourcecode.c.h; path = AppDelegate.h; sourceTree = "<group>"; };
		409186071C345E41008B5276 /* AppDelegate.m */ = {isa = PBXFileReference; lastKnownFileType = sourcecode.c.objc; path = AppDelegate.m; sourceTree = "<group>"; };
		409186091C345E41008B5276 /* ViewController.h */ = {isa = PBXFileReference; lastKnownFileType = sourcecode.c.h; path = ViewController.h; sourceTree = "<group>"; };
		4091860A1C345E41008B5276 /* ViewController.m */ = {isa = PBXFileReference; lastKnownFileType = sourcecode.c.objc; path = ViewController.m; sourceTree = "<group>"; };
		4091860D1C345E41008B5276 /* Base */ = {isa = PBXFileReference; lastKnownFileType = file.storyboard; name = Base; path = Base.lproj/Main.storyboard; sourceTree = "<group>"; };
		4091860F1C345E41008B5276 /* Assets.xcassets */ = {isa = PBXFileReference; lastKnownFileType = folder.assetcatalog; path = Assets.xcassets; sourceTree = "<group>"; };
		409186121C345E41008B5276 /* Base */ = {isa = PBXFileReference; lastKnownFileType = file.storyboard; name = Base; path = Base.lproj/LaunchScreen.storyboard; sourceTree = "<group>"; };
		409186141C345E41008B5276 /* Info.plist */ = {isa = PBXFileReference; lastKnownFileType = text.plist.xml; path = Info.plist; sourceTree = "<group>"; };
/* End PBXFileReference section */

/* Begin PBXFrameworksBuildPhase section */
		409185FD1C345E41008B5276 /* Frameworks */ = {
			isa = PBXFrameworksBuildPhase;
			buildActionMask = 2147483647;
			files = (
			);
			runOnlyForDeploymentPostprocessing = 0;
		};
/* End PBXFrameworksBuildPhase section */

/* Begin PBXGroup section */
		409185F71C345E41008B5276 = {
			isa = PBXGroup;
			children = (
				409186021C345E41008B5276 /* FiveCardStud */,
				409186011C345E41008B5276 /* Products */,
			);
			sourceTree = "<group>";
		};
		409186011C345E41008B5276 /* Products */ = {
			isa = PBXGroup;
			children = (
				409186001C345E41008B5276 /* FiveCardStud.app */,
			);
			name = Products;
			sourceTree = "<group>";
		};
		409186021C345E41008B5276 /* FiveCardStud */ = {
			isa = PBXGroup;
			children = (
				409186061C345E41008B5276 /* AppDelegate.h */,
				409186071C345E41008B5276 /* AppDelegate.m */,
				409186091C345E41008B5276 /* ViewController.h */,
				4091860A1C345E41008B5276 /* ViewController.m */,
				4091860C1C345E41008B5276 /* Main.storyboard */,
				4091860F1C345E41008B5276 /* Assets.xcassets */,
				409186111C345E41008B5276 /* LaunchScreen.storyboard */,
				409186141C345E41008B5276 /* Info.plist */,
				409186031C345E41008B5276 /* Supporting Files */,
			);
			path = FiveCardStud;
			sourceTree = "<group>";
		};
		409186031C345E41008B5276 /* Supporting Files */ = {
			isa = PBXGroup;
			children = (
				409186041C345E41008B5276 /* main.m */,
			);
			name = "Supporting Files";
			sourceTree = "<group>";
		};
/* End PBXGroup section */

/* Begin PBXNativeTarget section */
		409185FF1C345E41008B5276 /* FiveCardStud */ = {
			isa = PBXNativeTarget;
			buildConfigurationList = 409186171C345E41008B5276 /* Build configuration list for PBXNativeTarget "FiveCardStud" */;
			buildPhases = (
				409185FC1C345E41008B5276 /* Sources */,
				409185FD1C345E41008B5276 /* Frameworks */,
				409185FE1C345E41008B5276 /* Resources */,
			);
			buildRules = (
			);
			dependencies = (
			);
			name = FiveCardStud;
			productName = FiveCardStud;
			productReference = 409186001C345E41008B5276 /* FiveCardStud.app */;
			productType = "com.apple.product-type.application";
		};
/* End PBXNativeTarget section */

/* Begin PBXProject section */
		409185F81C345E41008B5276 /* Project object */ = {
			isa = PBXProject;
			attributes = {
				LastUpgradeCheck = 0720;
				ORGANIZATIONNAME = bolencki13;
				TargetAttributes = {
					409185FF1C345E41008B5276 = {
						CreatedOnToolsVersion = 7.2;
					};
				};
			};
			buildConfigurationList = 409185FB1C345E41008B5276 /* Build configuration list for PBXProject "FiveCardStud" */;
			compatibilityVersion = "Xcode 3.2";
			developmentRegion = English;
			hasScannedForEncodings = 0;
			knownRegions = (
				en,
				Base,
			);
			mainGroup = 409185F71C345E41008B5276;
			productRefGroup = 409186011C345E41008B5276 /* Products */;
			projectDirPath = "";
			projectRoot = "";
			targets = (
				409185FF1C345E41008B5276 /* FiveCardStud */,
			);
		};
/* End PBXProject section */

/* Begin PBXResourcesBuildPhase section */
		409185FE1C345E41008B5276 /* Resources */ = {
			isa = PBXResourcesBuildPhase;
			buildActionMask = 2147483647;
			files = (
				409186131C345E41008B5276 /* LaunchScreen.storyboard in Resources */,
				409186101C345E41008B5276 /* Assets.xcassets in Resources */,
				4091860E1C345E41008B5276 /* Main.storyboard in Resources */,
			);
			runOnlyForDeploymentPostprocessing = 0;
		};
/* End PBXResourcesBuildPhase section */

/* Begin PBXSourcesBuildPhase section */
		409185FC1C345E41008B5276 /* Sources */ = {
			isa = PBXSourcesBuildPhase;
			buildActionMask = 2147483647;
			files = (
				4091860B1C345E41008B5276 /* ViewController.m in Sources */,
				409186081C345E41008B5276 /* AppDelegate.m in Sources */,
				409186051C345E41008B5276 /* main.m in Sources */,
			);
			runOnlyForDeploymentPostprocessing = 0;
		};
/* End PBXSourcesBuildPhase section */

/* Begin PBXVariantGroup section */
		4091860C1C345E41008B5276 /* Main.storyboard */ = {
			isa = PBXVariantGroup;
			children = (
				4091860D1C345E41008B5276 /* Base */,
			);
			name = Main.storyboard;
			sourceTree = "<group>";
		};
		409186111C345E41008B5276 /* LaunchScreen.storyboard */ = {
			isa = PBXVariantGroup;
			children = (
				409186121C345E41008B5276 /* Base */,
			);
			name = LaunchScreen.storyboard;
			sourceTree = "<group>";
		};
/* End PBXVariantGroup section */

/* Begin XCBuildConfiguration section */
		409186151C345E41008B5276 /* Debug */ = {
			isa = XCBuildConfiguration;
			buildSettings = {
				ALWAYS_SEARCH_USER_PATHS = NO;
				CLANG_CXX_LANGUAGE_STANDARD = "gnu++0x";
				CLANG_CXX_LIBRARY = "libc++";
				CLANG_ENABLE_MODULES = YES;
				CLANG_ENABLE_OBJC_ARC = YES;
				CLANG_WARN_BOOL_CONVERSION = YES;
				CLANG_WARN_CONSTANT_CONVERSION = YES;
				CLANG_WARN_DIRECT_OBJC_ISA_USAGE = YES_ERROR;
				CLANG_WARN_EMPTY_BODY = YES;
				CLANG_WARN_ENUM_CONVERSION = YES;
				CLANG_WARN_INT_CONVERSION = YES;
				CLANG_WARN_OBJC_ROOT_CLASS = YES_ERROR;
				CLANG_WARN_UNREACHABLE_CODE = YES;
				CLANG_WARN__DUPLICATE_METHOD_MATCH = YES;
				"CODE_SIGN_IDENTITY[sdk=iphoneos*]" = "iPhone Developer";
				COPY_PHASE_STRIP = NO;
				DEBUG_INFORMATION_FORMAT = dwarf;
				ENABLE_STRICT_OBJC_MSGSEND = YES;
				ENABLE_TESTABILITY = YES;
				GCC_C_LANGUAGE_STANDARD = gnu99;
				GCC_DYNAMIC_NO_PIC = NO;
				GCC_NO_COMMON_BLOCKS = YES;
				GCC_OPTIMIZATION_LEVEL = 0;
				GCC_PREPROCESSOR_DEFINITIONS = (
					"DEBUG=1",
					"$(inherited)",
				);
				GCC_WARN_64_TO_32_BIT_CONVERSION = YES;
				GCC_WARN_ABOUT_RETURN_TYPE = YES_ERROR;
				GCC_WARN_UNDECLARED_SELECTOR = YES;
				GCC_WARN_UNINITIALIZED_AUTOS = YES_AGGRESSIVE;
				GCC_WARN_UNUSED_FUNCTION = YES;
				GCC_WARN_UNUSED_VARIABLE = YES;
				IPHONEOS_DEPLOYMENT_TARGET = 9.2;
				MTL_ENABLE_DEBUG_INFO = YES;
				ONLY_ACTIVE_ARCH = YES;
				SDKROOT = iphoneos;
			};
			name = Debug;
		};
		409186161C345E41008B5276 /* Release */ = {
			isa = XCBuildConfiguration;
			buildSettings = {
				ALWAYS_SEARCH_USER_PATHS = NO;
				CLANG_CXX_LANGUAGE_STANDARD = "gnu++0x";
				CLANG_CXX_LIBRARY = "libc++";
				CLANG_ENABLE_MODULES = YES;
				CLANG_ENABLE_OBJC_ARC = YES;
				CLANG_WARN_BOOL_CONVERSION = YES;
				CLANG_WARN_CONSTANT_CONVERSION = YES;
				CLANG_WARN_DIRECT_OBJC_ISA_USAGE = YES_ERROR;
				CLANG_WARN_EMPTY_BODY = YES;
				CLANG_WARN_ENUM_CONVERSION = YES;
				CLANG_WARN_INT_CONVERSION = YES;
				CLANG_WARN_OBJC_ROOT_CLASS = YES_ERROR;
				CLANG_WARN_UNREACHABLE_CODE = YES;
				CLANG_WARN__DUPLICATE_METHOD_MATCH = YES;
				"CODE_SIGN_IDENTITY[sdk=iphoneos*]" = "iPhone Developer";
				COPY_PHASE_STRIP = NO;
				DEBUG_INFORMATION_FORMAT = "dwarf-with-dsym";
				ENABLE_NS_ASSERTIONS = NO;
				ENABLE_STRICT_OBJC_MSGSEND = YES;
				GCC_C_LANGUAGE_STANDARD = gnu99;
				GCC_NO_COMMON_BLOCKS = YES;
				GCC_WARN_64_TO_32_BIT_CONVERSION = YES;
				GCC_WARN_ABOUT_RETURN_TYPE = YES_ERROR;
				GCC_WARN_UNDECLARED_SELECTOR = YES;
				GCC_WARN_UNINITIALIZED_AUTOS = YES_AGGRESSIVE;
				GCC_WARN_UNUSED_FUNCTION = YES;
				GCC_WARN_UNUSED_VARIABLE = YES;
				IPHONEOS_DEPLOYMENT_TARGET = 9.2;
				MTL_ENABLE_DEBUG_INFO = NO;
				SDKROOT = iphoneos;
				VALIDATE_PRODUCT = YES;
			};
			name = Release;
		};
		409186181C345E41008B5276 /* Debug */ = {
			isa = XCBuildConfiguration;
			buildSettings = {
				ASSETCATALOG_COMPILER_APPICON_NAME = AppIcon;
				INFOPLIST_FILE = FiveCardStud/Info.plist;
				LD_RUNPATH_SEARCH_PATHS = "$(inherited) @executable_path/Frameworks";
				PRODUCT_BUNDLE_IDENTIFIER = com.bolencki13.FiveCardStud;
				PRODUCT_NAME = "$(TARGET_NAME)";
			};
			name = Debug;
		};
		409186191C345E41008B5276 /* Release */ = {
			isa = XCBuildConfiguration;
			buildSettings = {
				ASSETCATALOG_COMPILER_APPICON_NAME = AppIcon;
				INFOPLIST_FILE = FiveCardStud/Info.plist;
				LD_RUNPATH_SEARCH_PATHS = "$(inherited) @executable_path/Frameworks";
				PRODUCT_BUNDLE_IDENTIFIER = com.bolencki13.FiveCardStud;
				PRODUCT_NAME = "$(TARGET_NAME)";
			};
			name = Release;
		};
/* End XCBuildConfiguration section */

/* Begin XCConfigurationList section */
		409185FB1C345E41008B5276 /* Build configuration list for PBXProject "FiveCardStud" */ = {
			isa = XCConfigurationList;
			buildConfigurations = (
				409186151C345E41008B5276 /* Debug */,
				409186161C345E41008B5276 /* Release */,
			);
			defaultConfigurationIsVisible = 0;
			defaultConfigurationName = Release;
		};
		409186171C345E41008B5276 /* Build configuration list for PBXNativeTarget "FiveCardStud" */ = {
			isa = XCConfigurationList;
			buildConfigurations = (
				409186181C345E41008B5276 /* Debug */,
				409186191C345E41008B5276 /* Release */,
			);
			defaultConfigurationIsVisible = 0;
		};
/* End XCConfigurationList section */
	};
	rootObject = 409185F81C345E41008B5276 /* Project object */;
}
